
Microsoft Visual Studio Solution File, Format Version 12.00
# Visual Studio Version 17
VisualStudioVersion = 17.0.31903.59
MinimumVisualStudioVersion = 10.0.40219.1
Project("{FAE04EC0-301F-11D3-BF4B-00C04F79EFBC}") = "AnvilMap.Abstractions", "src\AnvilMap.Abstractions\AnvilMap.Abstractions.csproj", "{11111111-1111-1111-1111-111111111111}"
EndProject
Project("{FAE04EC0-301F-11D3-BF4B-00C04F79EFBC}") = "AnvilMap.Generator", "src\AnvilMap.Generator\AnvilMap.Generator.csproj", "{22222222-2222-2222-2222-222222222222}"
EndProject
Project("{2150E333-8FDC-42A3-9474-1A3956D46DE8}") = "samples", "samples", "{5D20AA90-6969-D8BD-9DCD-8634F4692FDA}"
EndProject
Project("{FAE04EC0-301F-11D3-BF4B-00C04F79EFBC}") = "AnvilMap.Sample", "samples\AnvilMap.Sample\AnvilMap.Sample.csproj", "{F93909BB-3597-45D5-A806-87E185AB04A4}"
EndProject
Project("{2150E333-8FDC-42A3-9474-1A3956D46DE8}") = "src", "src", "{827E0CD3-B72D-47B6-A68D-7590B98EB39B}"
EndProject
Project("{2150E333-8FDC-42A3-9474-1A3956D46DE8}") = "tests", "tests", "{0AB3BF05-4346-4AA6-1389-037BE0695223}"
EndProject
Project("{FAE04EC0-301F-11D3-BF4B-00C04F79EFBC}") = "AnvilMap.Generator.Tests", "tests\AnvilMap.Generator.Tests\AnvilMap.Generator.Tests.csproj", "{23004594-1548-4939-9126-F241A1C984EF}"
EndProject
Project("{2150E333-8FDC-42A3-9474-1A3956D46DE8}") = "benchmarks", "benchmarks", "{70FCA08C-1969-4090-8D3A-6C9787A817FC}"
EndProject
Project("{FAE04EC0-301F-11D3-BF4B-00C04F79EFBC}") = "AnvilMap.Benchmarks", "benchmarks\AnvilMap.Benchmarks\AnvilMap.Benchmarks.csproj", "{E5E36E0B-EE0F-4621-B98B-EEE39AA82218}"
EndProject
Project("{FAE04EC0-301F-11D3-BF4B-00C04F79EFBC}") = "AnvilMap.Benchmarks.ParityTests", "benchmarks\AnvilMap.Benchmarks.ParityTests\AnvilMap.Benchmarks.ParityTests.csproj", "{4F177AFA-23F4-4A66-AD33-B76EA58782C5}"
EndProject
Project("{FAE04EC0-301F-11D3-BF4B-00C04F79EFBC}") = "AnvilMap.CodeFixes", "src\AnvilMap.CodeFixes\AnvilMap.CodeFixes.csproj", "{D18B9CEC-1A73-43B7-91CE-628312DF7420}"
EndProject
Project("{FAE04EC0-301F-11D3-BF4B-00C04F79EFBC}") = "AnvilMap.CodeFixes.Tests", "tests\AnvilMap.CodeFixes.Tests\AnvilMap.CodeFixes.Tests.csproj", "{4A62784B-025B-405D-AB0C-0E529728D045}"
EndProject
Project("{FAE04EC0-301F-11D3-BF4B-00C04F79EFBC}") = "AnvilMap.Sample.Aot", "samples\AnvilMap.Sample.Aot\AnvilMap.Sample.Aot.csproj", "{3D0933B8-51FE-4DD6-A472-6F200156613D}"
EndProject
Project("{FAE04EC0-301F-11D3-BF4B-00C04F79EFBC}") = "AnvilMap.InterceptorSmokeTests", "tests\AnvilMap.InterceptorSmokeTests\AnvilMap.InterceptorSmokeTests.csproj", "{71748E34-CFEB-40D0-820F-1B07D3D3AD13}"
EndProject
Global
	GlobalSection(SolutionConfigurationPlatforms) = preSolution
		Debug|Any CPU = Debug|Any CPU
		Debug|x64 = Debug|x64
		Debug|x86 = Debug|x86
		Release|Any CPU = Release|Any CPU
		Release|x64 = Release|x64
		Release|x86 = Release|x86
	EndGlobalSection
	GlobalSection(ProjectConfigurationPlatforms) = postSolution
		{11111111-1111-1111-1111-111111111111}.Debug|Any CPU.ActiveCfg = Debug|Any CPU
		{11111111-1111-1111-1111-111111111111}.Debug|Any CPU.Build.0 = Debug|Any CPU
		{11111111-1111-1111-1111-111111111111}.Debug|x64.ActiveCfg = Debug|Any CPU
		{11111111-1111-1111-1111-111111111111}.Debug|x64.Build.0 = Debug|Any CPU
		{11111111-1111-1111-1111-111111111111}.Debug|x86.ActiveCfg = Debug|Any CPU
		{11111111-1111-1111-1111-111111111111}.Debug|x86.Build.0 = Debug|Any CPU
		{11111111-1111-1111-1111-111111111111}.Release|Any CPU.ActiveCfg = Release|Any CPU
		{11111111-1111-1111-1111-111111111111}.Release|Any CPU.Build.0 = Release|Any CPU
		{11111111-1111-1111-1111-111111111111}.Release|x64.ActiveCfg = Release|Any CPU
		{11111111-1111-1111-1111-111111111111}.Release|x64.Build.0 = Release|Any CPU
		{11111111-1111-1111-1111-111111111111}.Release|x86.ActiveCfg = Release|Any CPU
		{11111111-1111-1111-1111-111111111111}.Release|x86.Build.0 = Release|Any CPU
		{22222222-2222-2222-2222-222222222222}.Debug|Any CPU.ActiveCfg = Debug|Any CPU
		{22222222-2222-2222-2222-222222222222}.Debug|Any CPU.Build.0 = Debug|Any CPU
		{22222222-2222-2222-2222-222222222222}.Debug|x64.ActiveCfg = Debug|Any CPU
		{22222222-2222-2222-2222-222222222222}.Debug|x64.Build.0 = Debug|Any CPU
		{22222222-2222-2222-2222-222222222222}.Debug|x86.ActiveCfg = Debug|Any CPU
		{22222222-2222-2222-2222-222222222222}.Debug|x86.Build.0 = Debug|Any CPU
		{22222222-2222-2222-2222-222222222222}.Release|Any CPU.ActiveCfg = Release|Any CPU
		{22222222-2222-2222-2222-222222222222}.Release|Any CPU.Build.0 = Release|Any CPU
		{22222222-2222-2222-2222-222222222222}.Release|x64.ActiveCfg = Release|Any CPU
		{22222222-2222-2222-2222-222222222222}.Release|x64.Build.0 = Release|Any CPU
		{22222222-2222-2222-2222-222222222222}.Release|x86.ActiveCfg = Release|Any CPU
		{22222222-2222-2222-2222-222222222222}.Release|x86.Build.0 = Release|Any CPU
		{F93909BB-3597-45D5-A806-87E185AB04A4}.Debug|Any CPU.ActiveCfg = Debug|Any CPU
		{F93909BB-3597-45D5-A806-87E185AB04A4}.Debug|Any CPU.Build.0 = Debug|Any CPU
		{F93909BB-3597-45D5-A806-87E185AB04A4}.Debug|x64.ActiveCfg = Debug|Any CPU
		{F93909BB-3597-45D5-A806-87E185AB04A4}.Debug|x64.Build.0 = Debug|Any CPU
		{F93909BB-3597-45D5-A806-87E185AB04A4}.Debug|x86.ActiveCfg = Debug|Any CPU
		{F93909BB-3597-45D5-A806-87E185AB04A4}.Debug|x86.Build.0 = Debug|Any CPU
		{F93909BB-3597-45D5-A806-87E185AB04A4}.Release|Any CPU.ActiveCfg = Release|Any CPU
		{F93909BB-3597-45D5-A806-87E185AB04A4}.Release|Any CPU.Build.0 = Release|Any CPU
		{F93909BB-3597-45D5-A806-87E185AB04A4}.Release|x64.ActiveCfg = Release|Any CPU
		{F93909BB-3597-45D5-A806-87E185AB04A4}.Release|x64.Build.0 = Release|Any CPU
		{F93909BB-3597-45D5-A806-87E185AB04A4}.Release|x86.ActiveCfg = Release|Any CPU
		{F93909BB-3597-45D5-A806-87E185AB04A4}.Release|x86.Build.0 = Release|Any CPU
		{23004594-1548-4939-9126-F241A1C984EF}.Debug|Any CPU.ActiveCfg = Debug|Any CPU
		{23004594-1548-4939-9126-F241A1C984EF}.Debug|Any CPU.Build.0 = Debug|Any CPU
		{23004594-1548-4939-9126-F241A1C984EF}.Debug|x64.ActiveCfg = Debug|Any CPU
		{23004594-1548-4939-9126-F241A1C984EF}.Debug|x64.Build.0 = Debug|Any CPU
		{23004594-1548-4939-9126-F241A1C984EF}.Debug|x86.ActiveCfg = Debug|Any CPU
		{23004594-1548-4939-9126-F241A1C984EF}.Debug|x86.Build.0 = Debug|Any CPU
		{23004594-1548-4939-9126-F241A1C984EF}.Release|Any CPU.ActiveCfg = Release|Any CPU
		{23004594-1548-4939-9126-F241A1C984EF}.Release|Any CPU.Build.0 = Release|Any CPU
		{23004594-1548-4939-9126-F241A1C984EF}.Release|x64.ActiveCfg = Release|Any CPU
		{23004594-1548-4939-9126-F241A1C984EF}.Release|x64.Build.0 = Release|Any CPU
		{23004594-1548-4939-9126-F241A1C984EF}.Release|x86.ActiveCfg = Release|Any CPU
		{23004594-1548-4939-9126-F241A1C984EF}.Release|x86.Build.0 = Release|Any CPU
		{E5E36E0B-EE0F-4621-B98B-EEE39AA82218}.Debug|Any CPU.ActiveCfg = Debug|Any CPU
		{E5E36E0B-EE0F-4621-B98B-EEE39AA82218}.Debug|Any CPU.Build.0 = Debug|Any CPU
		{E5E36E0B-EE0F-4621-B98B-EEE39AA82218}.Debug|x64.ActiveCfg = Debug|Any CPU
		{E5E36E0B-EE0F-4621-B98B-EEE39AA82218}.Debug|x64.Build.0 = Debug|Any CPU
		{E5E36E0B-EE0F-4621-B98B-EEE39AA82218}.Debug|x86.ActiveCfg = Debug|Any CPU
		{E5E36E0B-EE0F-4621-B98B-EEE39AA82218}.Debug|x86.Build.0 = Debug|Any CPU
		{E5E36E0B-EE0F-4621-B98B-EEE39AA82218}.Release|Any CPU.ActiveCfg = Release|Any CPU
		{E5E36E0B-EE0F-4621-B98B-EEE39AA82218}.Release|Any CPU.Build.0 = Release|Any CPU
		{E5E36E0B-EE0F-4621-B98B-EEE39AA82218}.Release|x64.ActiveCfg = Release|Any CPU
		{E5E36E0B-EE0F-4621-B98B-EEE39AA82218}.Release|x64.Build.0 = Release|Any CPU
		{E5E36E0B-EE0F-4621-B98B-EEE39AA82218}.Release|x86.ActiveCfg = Release|Any CPU
		{E5E36E0B-EE0F-4621-B98B-EEE39AA82218}.Release|x86.Build.0 = Release|Any CPU
		{4F177AFA-23F4-4A66-AD33-B76EA58782C5}.Debug|Any CPU.ActiveCfg = Debug|Any CPU
		{4F177AFA-23F4-4A66-AD33-B76EA58782C5}.Debug|Any CPU.Build.0 = Debug|Any CPU
		{4F177AFA-23F4-4A66-AD33-B76EA58782C5}.Debug|x64.ActiveCfg = Debug|Any CPU
		{4F177AFA-23F4-4A66-AD33-B76EA58782C5}.Debug|x64.Build.0 = Debug|Any CPU
		{4F177AFA-23F4-4A66-AD33-B76EA58782C5}.Debug|x86.ActiveCfg = Debug|Any CPU
		{4F177AFA-23F4-4A66-AD33-B76EA58782C5}.Debug|x86.Build.0 = Debug|Any CPU
		{4F177AFA-23F4-4A66-AD33-B76EA58782C5}.Release|Any CPU.ActiveCfg = Release|Any CPU
		{4F177AFA-23F4-4A66-AD33-B76EA58782C5}.Release|Any CPU.Build.0 = Release|Any CPU
		{4F177AFA-23F4-4A66-AD33-B76EA58782C5}.Release|x64.ActiveCfg = Release|Any CPU
		{4F177AFA-23F4-4A66-AD33-B76EA58782C5}.Release|x64.Build.0 = Release|Any CPU
		{4F177AFA-23F4-4A66-AD33-B76EA58782C5}.Release|x86.ActiveCfg = Release|Any CPU
		{4F177AFA-23F4-4A66-AD33-B76EA58782C5}.Release|x86.Build.0 = Release|Any CPU
		{D18B9CEC-1A73-43B7-91CE-628312DF7420}.Debug|Any CPU.ActiveCfg = Debug|Any CPU
		{D18B9CEC-1A73-43B7-91CE-628312DF7420}.Debug|Any CPU.Build.0 = Debug|Any CPU
		{D18B9CEC-1A73-43B7-91CE-628312DF7420}.Debug|x64.ActiveCfg = Debug|Any CPU
		{D18B9CEC-1A73-43B7-91CE-628312DF7420}.Debug|x64.Build.0 = Debug|Any CPU
		{D18B9CEC-1A73-43B7-91CE-628312DF7420}.Debug|x86.ActiveCfg = Debug|Any CPU
		{D18B9CEC-1A73-43B7-91CE-628312DF7420}.Debug|x86.Build.0 = Debug|Any CPU
		{D18B9CEC-1A73-43B7-91CE-628312DF7420}.Release|Any CPU.ActiveCfg = Release|Any CPU
		{D18B9CEC-1A73-43B7-91CE-628312DF7420}.Release|Any CPU.Build.0 = Release|Any CPU
		{D18B9CEC-1A73-43B7-91CE-628312DF7420}.Release|x64.ActiveCfg = Release|Any CPU
		{D18B9CEC-1A73-43B7-91CE-628312DF7420}.Release|x64.Build.0 = Release|Any CPU
		{D18B9CEC-1A73-43B7-91CE-628312DF7420}.Release|x86.ActiveCfg = Release|Any CPU
		{D18B9CEC-1A73-43B7-91CE-628312DF7420}.Release|x86.Build.0 = Release|Any CPU
		{4A62784B-025B-405D-AB0C-0E529728D045}.Debug|Any CPU.ActiveCfg = Debug|Any CPU
		{4A62784B-025B-405D-AB0C-0E529728D045}.Debug|Any CPU.Build.0 = Debug|Any CPU
		{4A62784B-025B-405D-AB0C-0E529728D045}.Debug|x64.ActiveCfg = Debug|Any CPU
		{4A62784B-025B-405D-AB0C-0E529728D045}.Debug|x64.Build.0 = Debug|Any CPU
		{4A62784B-025B-405D-AB0C-0E529728D045}.Debug|x86.ActiveCfg = Debug|Any CPU
		{4A62784B-025B-405D-AB0C-0E529728D045}.Debug|x86.Build.0 = Debug|Any CPU
		{4A62784B-025B-405D-AB0C-0E529728D045}.Release|Any CPU.ActiveCfg = Release|Any CPU
		{4A62784B-025B-405D-AB0C-0E529728D045}.Release|Any CPU.Build.0 = Release|Any CPU
		{4A62784B-025B-405D-AB0C-0E529728D045}.Release|x64.ActiveCfg = Release|Any CPU
		{4A62784B-025B-405D-AB0C-0E529728D045}.Release|x64.Build.0 = Release|Any CPU
		{4A62784B-025B-405D-AB0C-0E529728D045}.Release|x86.ActiveCfg = Release|Any CPU
		{4A62784B-025B-405D-AB0C-0E529728D045}.Release|x86.Build.0 = Release|Any CPU
		{3D0933B8-51FE-4DD6-A472-6F200156613D}.Debug|Any CPU.ActiveCfg = Debug|Any CPU
		{3D0933B8-51FE-4DD6-A472-6F200156613D}.Debug|Any CPU.Build.0 = Debug|Any CPU
		{3D0933B8-51FE-4DD6-A472-6F200156613D}.Debug|x64.ActiveCfg = Debug|Any CPU
		{3D0933B8-51FE-4DD6-A472-6F200156613D}.Debug|x64.Build.0 = Debug|Any CPU
		{3D0933B8-51FE-4DD6-A472-6F200156613D}.Debug|x86.ActiveCfg = Debug|Any CPU
		{3D0933B8-51FE-4DD6-A472-6F200156613D}.Debug|x86.Build.0 = Debug|Any CPU
		{3D0933B8-51FE-4DD6-A472-6F200156613D}.Release|Any CPU.ActiveCfg = Release|Any CPU
		{3D0933B8-51FE-4DD6-A472-6F200156613D}.Release|Any CPU.Build.0 = Release|Any CPU
		{3D0933B8-51FE-4DD6-A472-6F200156613D}.Release|x64.ActiveCfg = Release|Any CPU
		{3D0933B8-51FE-4DD6-A472-6F200156613D}.Release|x64.Build.0 = Release|Any CPU
		{3D0933B8-51FE-4DD6-A472-6F200156613D}.Release|x86.ActiveCfg = Release|Any CPU
		{3D0933B8-51FE-4DD6-A472-6F200156613D}.Release|x86.Build.0 = Release|Any CPU
		{71748E34-CFEB-40D0-820F-1B07D3D3AD13}.Debug|Any CPU.ActiveCfg = Debug|Any CPU
		{71748E34-CFEB-40D0-820F-1B07D3D3AD13}.Debug|Any CPU.Build.0 = Debug|Any CPU
		{71748E34-CFEB-40D0-820F-1B07D3D3AD13}.Debug|x64.ActiveCfg = Debug|Any CPU
		{71748E34-CFEB-40D0-820F-1B07D3D3AD13}.Debug|x64.Build.0 = Debug|Any CPU
		{71748E34-CFEB-40D0-820F-1B07D3D3AD13}.Debug|x86.ActiveCfg = Debug|Any CPU
		{71748E34-CFEB-40D0-820F-1B07D3D3AD13}.Debug|x86.Build.0 = Debug|Any CPU
		{71748E34-CFEB-40D0-820F-1B07D3D3AD13}.Release|Any CPU.ActiveCfg = Release|Any CPU
		{71748E34-CFEB-40D0-820F-1B07D3D3AD13}.Release|Any CPU.Build.0 = Release|Any CPU
		{71748E34-CFEB-40D0-820F-1B07D3D3AD13}.Release|x64.ActiveCfg = Release|Any CPU
		{71748E34-CFEB-40D0-820F-1B07D3D3AD13}.Release|x64.Build.0 = Release|Any CPU
		{71748E34-CFEB-40D0-820F-1B07D3D3AD13}.Release|x86.ActiveCfg = Release|Any CPU
		{71748E34-CFEB-40D0-820F-1B07D3D3AD13}.Release|x86.Build.0 = Release|Any CPU
	EndGlobalSection
	GlobalSection(SolutionProperties) = preSolution
		HideSolutionNode = FALSE
	EndGlobalSection
	GlobalSection(NestedProjects) = preSolution
		{11111111-1111-1111-1111-111111111111} = {827E0CD3-B72D-47B6-A68D-7590B98EB39B}
		{22222222-2222-2222-2222-222222222222} = {827E0CD3-B72D-47B6-A68D-7590B98EB39B}
		{F93909BB-3597-45D5-A806-87E185AB04A4} = {5D20AA90-6969-D8BD-9DCD-8634F4692FDA}
		{23004594-1548-4939-9126-F241A1C984EF} = {0AB3BF05-4346-4AA6-1389-037BE0695223}
		{E5E36E0B-EE0F-4621-B98B-EEE39AA82218} = {70FCA08C-1969-4090-8D3A-6C9787A817FC}
		{4F177AFA-23F4-4A66-AD33-B76EA58782C5} = {70FCA08C-1969-4090-8D3A-6C9787A817FC}
		{D18B9CEC-1A73-43B7-91CE-628312DF7420} = {827E0CD3-B72D-47B6-A68D-7590B98EB39B}
		{4A62784B-025B-405D-AB0C-0E529728D045} = {0AB3BF05-4346-4AA6-1389-037BE0695223}
		{3D0933B8-51FE-4DD6-A472-6F200156613D} = {5D20AA90-6969-D8BD-9DCD-8634F4692FDA}
		{71748E34-CFEB-40D0-820F-1B07D3D3AD13} = {0AB3BF05-4346-4AA6-1389-037BE0695223}
	EndGlobalSection
EndGlobal
